
Microsoft Visual Studio Solution File, Format Version 12.00
# Visual Studio Version 16
VisualStudioVersion = 16.0.29920.165
MinimumVisualStudioVersion = 10.0.40219.1
Project("{FAE04EC0-301F-11D3-BF4B-00C04F79EFBC}") = "Estudiantes", "Estudiantes\Estudiantes.csproj", "{24450431-39A2-4D0E-9D4E-3E67D58FD422}"
EndProject
Project("{FAE04EC0-301F-11D3-BF4B-00C04F79EFBC}") = "Data", "Data\Data.csproj", "{C208650E-A491-44B9-A082-05DCE9D988C7}"
EndProject
Project("{FAE04EC0-301F-11D3-BF4B-00C04F79EFBC}") = "Logica", "Logica\Logica.csproj", "{F555C796-CAB4-4993-97C8-5B83A0396EA2}"
EndProject
Global
	GlobalSection(SolutionConfigurationPlatforms) = preSolution
		Debug|Any CPU = Debug|Any CPU
		Release|Any CPU = Release|Any CPU
	EndGlobalSection
	GlobalSection(ProjectConfigurationPlatforms) = postSolution
		{24450431-39A2-4D0E-9D4E-3E67D58FD422}.Debug|Any CPU.ActiveCfg = Debug|Any CPU
		{24450431-39A2-4D0E-9D4E-3E67D58FD422}.Debug|Any CPU.Build.0 = Debug|Any CPU
		{24450431-39A2-4D0E-9D4E-3E67D58FD422}.Release|Any CPU.ActiveCfg = Release|Any CPU
		{24450431-39A2-4D0E-9D4E-3E67D58FD422}.Release|Any CPU.Build.0 = Release|Any CPU
		{C208650E-A491-44B9-A082-05DCE9D988C7}.Debug|Any CPU.ActiveCfg = Debug|Any CPU
		{C208650E-A491-44B9-A082-05DCE9D988C7}.Debug|Any CPU.Build.0 = Debug|Any CPU
		{C208650E-A491-44B9-A082-05DCE9D988C7}.Release|Any CPU.ActiveCfg = Release|Any CPU
		{C208650E-A491-44B9-A082-05DCE9D988C7}.Release|Any CPU.Build.0 = Release|Any CPU
		{F555C796-CAB4-4993-97C8-5B83A0396EA2}.Debug|Any CPU.ActiveCfg = Debug|Any CPU
		{F555C796-CAB4-4993-97C8-5B83A0396EA2}.Debug|Any CPU.Build.0 = Debug|Any CPU
		{F555C796-CAB4-4993-97C8-5B83A0396EA2}.Release|Any CPU.ActiveCfg = Release|Any CPU
		{F555C796-CAB4-4993-97C8-5B83A0396EA2}.Release|Any CPU.Build.0 = Release|Any CPU
	EndGlobalSection
	GlobalSection(SolutionProperties) = preSolution
		HideSolutionNode = FALSE
	EndGlobalSection
	GlobalSection(ExtensibilityGlobals) = postSolution
		SolutionGuid = {878F33F6-BC98-418B-81DD-EA0FDCDBBB53}
	EndGlobalSection
EndGlobal
